
Microsoft Visual Studio Solution File, Format Version 12.00
# Visual Studio Version 17
VisualStudioVersion = 17.5.002.0
MinimumVisualStudioVersion = 10.0.40219.1
Project("{9A19103F-16F7-4668-BE54-9A1E7A4F7556}") = "sl-img-prcr", "sl-img-prcr.csproj", "{B05F6431-AC0A-471B-8373-2FF39278B797}"
EndProject
Global
	GlobalSection(SolutionConfigurationPlatforms) = preSolution
		Debug|Any CPU = Debug|Any CPU
		Release|Any CPU = Release|Any CPU
	EndGlobalSection
	GlobalSection(ProjectConfigurationPlatforms) = postSolution
		{B05F6431-AC0A-471B-8373-2FF39278B797}.Debug|Any CPU.ActiveCfg = Debug|Any CPU
		{B05F6431-AC0A-471B-8373-2FF39278B797}.Debug|Any CPU.Build.0 = Debug|Any CPU
		{B05F6431-AC0A-471B-8373-2FF39278B797}.Release|Any CPU.ActiveCfg = Release|Any CPU
		{B05F6431-AC0A-471B-8373-2FF39278B797}.Release|Any CPU.Build.0 = Release|Any CPU
	EndGlobalSection
	GlobalSection(SolutionProperties) = preSolution
		HideSolutionNode = FALSE
	EndGlobalSection
	GlobalSection(ExtensibilityGlobals) = postSolution
		SolutionGuid = {6FD424E1-7A9B-4D3C-A7DD-D7EA721D454D}
	EndGlobalSection
EndGlobal
